git.sr.ht/~adnano/go-gemini v0.2.6 h1:3TBtoY6Id62al/o4RF6NDS83dPfFqewB56Pd+AKPSr0=
git.sr.ht/~adnano/go-gemini v0.2.6/go.mod h1:3BB0/uhL1n6enIi3cJsY08Es0WZbHjxIedO0XrsobdE=
github.com/BurntSushi/toml v1.4.0 h1:kuoIxZQy2WRRk1pttg9asf+WVv6tWQuBNVmK8+nqPr0=
github.com/BurntSushi/toml v1.4.0/go.mod h1:ukJfTF/6rtPPRCnwkur4qwRxa8vTRFBF0uk2lLoLwho=
github.com/gomarkdown/markdown v0.0.0-20240930133441-72d49d9543d8 h1:4txT5G2kqVAKMjzidIabL/8KqjIK71yj30YOeuxLn10=
github.com/gomarkdown/markdown v0.0.0-20240930133441-72d49d9543d8/go.mod h1:JDGcbDT52eL4fju3sZ4TeHGsQwhG9nbDV21aMyhwPoA=
github.com/yuin/goldmark v1.7.4 h1:BDXOHExt+A7gwPCJgPIIq7ENvceR7we7rOS9TNoLZeg=
github.com/yuin/goldmark v1.7.4/go.mod h1:uzxRWxtg69N339t3louHJ7+O03ezfj6PlliRlaOzY1E=
golang.org/x/net v0.25.0 h1:d/OCCoBEUq33pjydKrGQhw7IlUPI2Oylr+8qLx49kac=
golang.org/x/net v0.25.0/go.mod h1:JkAGAh7GEvH74S6FOH42FLoXpXbE/aqXSrIQjXgsiwM=
golang.org/x/text v0.15.0 h1:h1V/4gjBv8v9cjcR6+AR5+/cIYK5N/WAgiv4xlsEtAk=
golang.org/x/text v0.15.0/go.mod h1:18ZOQIKpY8NJVqYksKHtTdi31H5itFRjB5/qKTNYzSU=
